
Microsoft Visual Studio Solution File, Format Version 12.00
# Visual Studio Version 16
VisualStudioVersion = 16.0.29123.88
MinimumVisualStudioVersion = 10.0.40219.1
Project("{FAE04EC0-301F-11D3-BF4B-00C04F79EFBC}") = "Adapter", "Adapter\Adapter.csproj", "{7FCEE7EB-356B-41B7-8765-D52C19896064}"
EndProject
Project("{FAE04EC0-301F-11D3-BF4B-00C04F79EFBC}") = "Composite", "Composite\Composite.csproj", "{82EB9FD3-7C6B-4EC1-96F9-A346D55BA1C6}"
EndProject
Project("{FAE04EC0-301F-11D3-BF4B-00C04F79EFBC}") = "Bridge", "Bridge\Bridge.csproj", "{5D444C11-6497-4D40-ABF5-E570943542E0}"
EndProject
Project("{FAE04EC0-301F-11D3-BF4B-00C04F79EFBC}") = "Flyweight", "Flyweight\Flyweight.csproj", "{F97E8322-E475-4067-AADB-5E5D3C65BDBC}"
EndProject
Project("{FAE04EC0-301F-11D3-BF4B-00C04F79EFBC}") = "Facade", "Facade\Facade.csproj", "{2E99373E-00A8-4DF4-BAE6-70EF744253F4}"
EndProject
Project("{FAE04EC0-301F-11D3-BF4B-00C04F79EFBC}") = "Decorator", "Decorator\Decorator.csproj", "{5D77DA92-A70A-4491-864F-6EB183534E01}"
EndProject
Project("{FAE04EC0-301F-11D3-BF4B-00C04F79EFBC}") = "Proxy", "Proxy\Proxy.csproj", "{96EE6276-0F03-469F-80F4-32ECF48AEFC9}"
EndProject
Global
	GlobalSection(SolutionConfigurationPlatforms) = preSolution
		Debug|Any CPU = Debug|Any CPU
		Release|Any CPU = Release|Any CPU
	EndGlobalSection
	GlobalSection(ProjectConfigurationPlatforms) = postSolution
		{7FCEE7EB-356B-41B7-8765-D52C19896064}.Debug|Any CPU.ActiveCfg = Debug|Any CPU
		{7FCEE7EB-356B-41B7-8765-D52C19896064}.Debug|Any CPU.Build.0 = Debug|Any CPU
		{7FCEE7EB-356B-41B7-8765-D52C19896064}.Release|Any CPU.ActiveCfg = Release|Any CPU
		{7FCEE7EB-356B-41B7-8765-D52C19896064}.Release|Any CPU.Build.0 = Release|Any CPU
		{82EB9FD3-7C6B-4EC1-96F9-A346D55BA1C6}.Debug|Any CPU.ActiveCfg = Debug|Any CPU
		{82EB9FD3-7C6B-4EC1-96F9-A346D55BA1C6}.Debug|Any CPU.Build.0 = Debug|Any CPU
		{82EB9FD3-7C6B-4EC1-96F9-A346D55BA1C6}.Release|Any CPU.ActiveCfg = Release|Any CPU
		{82EB9FD3-7C6B-4EC1-96F9-A346D55BA1C6}.Release|Any CPU.Build.0 = Release|Any CPU
		{5D444C11-6497-4D40-ABF5-E570943542E0}.Debug|Any CPU.ActiveCfg = Debug|Any CPU
		{5D444C11-6497-4D40-ABF5-E570943542E0}.Debug|Any CPU.Build.0 = Debug|Any CPU
		{5D444C11-6497-4D40-ABF5-E570943542E0}.Release|Any CPU.ActiveCfg = Release|Any CPU
		{5D444C11-6497-4D40-ABF5-E570943542E0}.Release|Any CPU.Build.0 = Release|Any CPU
		{F97E8322-E475-4067-AADB-5E5D3C65BDBC}.Debug|Any CPU.ActiveCfg = Debug|Any CPU
		{F97E8322-E475-4067-AADB-5E5D3C65BDBC}.Debug|Any CPU.Build.0 = Debug|Any CPU
		{F97E8322-E475-4067-AADB-5E5D3C65BDBC}.Release|Any CPU.ActiveCfg = Release|Any CPU
		{F97E8322-E475-4067-AADB-5E5D3C65BDBC}.Release|Any CPU.Build.0 = Release|Any CPU
		{2E99373E-00A8-4DF4-BAE6-70EF744253F4}.Debug|Any CPU.ActiveCfg = Debug|Any CPU
		{2E99373E-00A8-4DF4-BAE6-70EF744253F4}.Debug|Any CPU.Build.0 = Debug|Any CPU
		{2E99373E-00A8-4DF4-BAE6-70EF744253F4}.Release|Any CPU.ActiveCfg = Release|Any CPU
		{2E99373E-00A8-4DF4-BAE6-70EF744253F4}.Release|Any CPU.Build.0 = Release|Any CPU
		{5D77DA92-A70A-4491-864F-6EB183534E01}.Debug|Any CPU.ActiveCfg = Debug|Any CPU
		{5D77DA92-A70A-4491-864F-6EB183534E01}.Debug|Any CPU.Build.0 = Debug|Any CPU
		{5D77DA92-A70A-4491-864F-6EB183534E01}.Release|Any CPU.ActiveCfg = Release|Any CPU
		{5D77DA92-A70A-4491-864F-6EB183534E01}.Release|Any CPU.Build.0 = Release|Any CPU
		{96EE6276-0F03-469F-80F4-32ECF48AEFC9}.Debug|Any CPU.ActiveCfg = Debug|Any CPU
		{96EE6276-0F03-469F-80F4-32ECF48AEFC9}.Debug|Any CPU.Build.0 = Debug|Any CPU
		{96EE6276-0F03-469F-80F4-32ECF48AEFC9}.Release|Any CPU.ActiveCfg = Release|Any CPU
		{96EE6276-0F03-469F-80F4-32ECF48AEFC9}.Release|Any CPU.Build.0 = Release|Any CPU
	EndGlobalSection
	GlobalSection(SolutionProperties) = preSolution
		HideSolutionNode = FALSE
	EndGlobalSection
	GlobalSection(ExtensibilityGlobals) = postSolution
		SolutionGuid = {9BF43516-19F8-45E8-9478-8D51692267BC}
	EndGlobalSection
EndGlobal
