
Microsoft Visual Studio Solution File, Format Version 12.00
# Visual Studio Version 16
VisualStudioVersion = 16.0.29123.88
MinimumVisualStudioVersion = 10.0.40219.1
Project("{FAE04EC0-301F-11D3-BF4B-00C04F79EFBC}") = "Adapter", "Adapter\Adapter.csproj", "{7FCEE7EB-356B-41B7-8765-D52C19896064}"
EndProject
Global
	GlobalSection(SolutionConfigurationPlatforms) = preSolution
		Debug|Any CPU = Debug|Any CPU
		Release|Any CPU = Release|Any CPU
	EndGlobalSection
	GlobalSection(ProjectConfigurationPlatforms) = postSolution
		{7FCEE7EB-356B-41B7-8765-D52C19896064}.Debug|Any CPU.ActiveCfg = Debug|Any CPU
		{7FCEE7EB-356B-41B7-8765-D52C19896064}.Debug|Any CPU.Build.0 = Debug|Any CPU
		{7FCEE7EB-356B-41B7-8765-D52C19896064}.Release|Any CPU.ActiveCfg = Release|Any CPU
		{7FCEE7EB-356B-41B7-8765-D52C19896064}.Release|Any CPU.Build.0 = Release|Any CPU
	EndGlobalSection
	GlobalSection(SolutionProperties) = preSolution
		HideSolutionNode = FALSE
	EndGlobalSection
	GlobalSection(ExtensibilityGlobals) = postSolution
		SolutionGuid = {9BF43516-19F8-45E8-9478-8D51692267BC}
	EndGlobalSection
EndGlobal
